
Microsoft Visual Studio Solution File, Format Version 12.00
# Visual Studio Version 16
VisualStudioVersion = 16.0.30517.126
MinimumVisualStudioVersion = 10.0.40219.1
Project("{FAE04EC0-301F-11D3-BF4B-00C04F79EFBC}") = "FordWriteOnPaper", "FordWriteOnPaper\FordWriteOnPaper.csproj", "{D29A2DC7-A8F8-4969-925C-7A8C75EF040D}"
EndProject
Global
	GlobalSection(SolutionConfigurationPlatforms) = preSolution
		Debug|Any CPU = Debug|Any CPU
		Release|Any CPU = Release|Any CPU
	EndGlobalSection
	GlobalSection(ProjectConfigurationPlatforms) = postSolution
		{D29A2DC7-A8F8-4969-925C-7A8C75EF040D}.Debug|Any CPU.ActiveCfg = Debug|Any CPU
		{D29A2DC7-A8F8-4969-925C-7A8C75EF040D}.Debug|Any CPU.Build.0 = Debug|Any CPU
		{D29A2DC7-A8F8-4969-925C-7A8C75EF040D}.Release|Any CPU.ActiveCfg = Release|Any CPU
		{D29A2DC7-A8F8-4969-925C-7A8C75EF040D}.Release|Any CPU.Build.0 = Release|Any CPU
	EndGlobalSection
	GlobalSection(SolutionProperties) = preSolution
		HideSolutionNode = FALSE
	EndGlobalSection
	GlobalSection(ExtensibilityGlobals) = postSolution
		SolutionGuid = {DC9FB838-5FCE-4DA2-A582-B5853A589FFD}
	EndGlobalSection
EndGlobal
