
Microsoft Visual Studio Solution File, Format Version 12.00
# Visual Studio 15
VisualStudioVersion = 15.0.28307.1300
MinimumVisualStudioVersion = 10.0.40219.1
Project("{FAE04EC0-301F-11D3-BF4B-00C04F79EFBC}") = "Sort", "Sort\Sort.csproj", "{1B1361BD-A761-4957-A97D-721C2A7D913B}"
EndProject
Global
	GlobalSection(SolutionConfigurationPlatforms) = preSolution
		Debug|Any CPU = Debug|Any CPU
		Release|Any CPU = Release|Any CPU
	EndGlobalSection
	GlobalSection(ProjectConfigurationPlatforms) = postSolution
		{1B1361BD-A761-4957-A97D-721C2A7D913B}.Debug|Any CPU.ActiveCfg = Debug|Any CPU
		{1B1361BD-A761-4957-A97D-721C2A7D913B}.Debug|Any CPU.Build.0 = Debug|Any CPU
		{1B1361BD-A761-4957-A97D-721C2A7D913B}.Release|Any CPU.ActiveCfg = Release|Any CPU
		{1B1361BD-A761-4957-A97D-721C2A7D913B}.Release|Any CPU.Build.0 = Release|Any CPU
	EndGlobalSection
	GlobalSection(SolutionProperties) = preSolution
		HideSolutionNode = FALSE
	EndGlobalSection
	GlobalSection(ExtensibilityGlobals) = postSolution
		SolutionGuid = {1FF8CDE5-DABE-4715-A4D1-CC9E51A38855}
	EndGlobalSection
EndGlobal
